
Microsoft Visual Studio Solution File, Format Version 12.00
# Visual Studio 2012
Project("{FAE04EC0-301F-11D3-BF4B-00C04F79EFBC}") = "MvcRazorToPdfExample", "MvcRazorToPdfExample\MvcRazorToPdfExample.csproj", "{1E6C049D-92DD-4C84-8B1E-57B9CBC5A28A}"
EndProject
Project("{FAE04EC0-301F-11D3-BF4B-00C04F79EFBC}") = "MvcRazorToPdf", "MvcRazorToPdf\MvcRazorToPdf.csproj", "{50E76C53-09C0-4A25-91A7-16C78F50BAE2}"
EndProject
Global
	GlobalSection(SolutionConfigurationPlatforms) = preSolution
		Debug|Any CPU = Debug|Any CPU
		Release|Any CPU = Release|Any CPU
	EndGlobalSection
	GlobalSection(ProjectConfigurationPlatforms) = postSolution
		{1E6C049D-92DD-4C84-8B1E-57B9CBC5A28A}.Debug|Any CPU.ActiveCfg = Debug|Any CPU
		{1E6C049D-92DD-4C84-8B1E-57B9CBC5A28A}.Debug|Any CPU.Build.0 = Debug|Any CPU
		{1E6C049D-92DD-4C84-8B1E-57B9CBC5A28A}.Release|Any CPU.ActiveCfg = Release|Any CPU
		{1E6C049D-92DD-4C84-8B1E-57B9CBC5A28A}.Release|Any CPU.Build.0 = Release|Any CPU
		{50E76C53-09C0-4A25-91A7-16C78F50BAE2}.Debug|Any CPU.ActiveCfg = Debug|Any CPU
		{50E76C53-09C0-4A25-91A7-16C78F50BAE2}.Debug|Any CPU.Build.0 = Debug|Any CPU
		{50E76C53-09C0-4A25-91A7-16C78F50BAE2}.Release|Any CPU.ActiveCfg = Release|Any CPU
		{50E76C53-09C0-4A25-91A7-16C78F50BAE2}.Release|Any CPU.Build.0 = Release|Any CPU
	EndGlobalSection
	GlobalSection(SolutionProperties) = preSolution
		HideSolutionNode = FALSE
	EndGlobalSection
EndGlobal
